
Microsoft Visual Studio Solution File, Format Version 12.00
# Visual Studio Version 17
VisualStudioVersion = 17.2.32616.157
MinimumVisualStudioVersion = 10.0.40219.1
Project("{FAE04EC0-301F-11D3-BF4B-00C04F79EFBC}") = "1. Prosty program na obiektach", "1. Prosty program na obiektach\1. Prosty program na obiektach.csproj", "{0FB04E67-2C8A-4DA7-B39F-E8B0FEEF745F}"
EndProject
Project("{FAE04EC0-301F-11D3-BF4B-00C04F79EFBC}") = "2. Program używający dziedziczenia", "2. Program używający dziedziczenia\2. Program używający dziedziczenia.csproj", "{0F2EAEF8-5B2E-46C5-8B0D-E70F181D4AD2}"
EndProject
Project("{FAE04EC0-301F-11D3-BF4B-00C04F79EFBC}") = "3. Zadanie zrobione tak aby używało interfaców", "3. Zadanie zrobione tak aby używało interfaców\3. Zadanie zrobione tak aby używało interfaców.csproj", "{9DD361D4-02B4-45F8-ABF2-EBDC58FFBF60}"
EndProject
Project("{FAE04EC0-301F-11D3-BF4B-00C04F79EFBC}") = "4. Dopisanie brakujących klas do programu", "4. Dopisanie brakujących klas do programu\4. Dopisanie brakujących klas do programu.csproj", "{7FC37B47-58ED-4836-8804-B7A230A39484}"
EndProject
Global
	GlobalSection(SolutionConfigurationPlatforms) = preSolution
		Debug|Any CPU = Debug|Any CPU
		Release|Any CPU = Release|Any CPU
	EndGlobalSection
	GlobalSection(ProjectConfigurationPlatforms) = postSolution
		{0FB04E67-2C8A-4DA7-B39F-E8B0FEEF745F}.Debug|Any CPU.ActiveCfg = Debug|Any CPU
		{0FB04E67-2C8A-4DA7-B39F-E8B0FEEF745F}.Debug|Any CPU.Build.0 = Debug|Any CPU
		{0FB04E67-2C8A-4DA7-B39F-E8B0FEEF745F}.Release|Any CPU.ActiveCfg = Release|Any CPU
		{0FB04E67-2C8A-4DA7-B39F-E8B0FEEF745F}.Release|Any CPU.Build.0 = Release|Any CPU
		{0F2EAEF8-5B2E-46C5-8B0D-E70F181D4AD2}.Debug|Any CPU.ActiveCfg = Debug|Any CPU
		{0F2EAEF8-5B2E-46C5-8B0D-E70F181D4AD2}.Debug|Any CPU.Build.0 = Debug|Any CPU
		{0F2EAEF8-5B2E-46C5-8B0D-E70F181D4AD2}.Release|Any CPU.ActiveCfg = Release|Any CPU
		{0F2EAEF8-5B2E-46C5-8B0D-E70F181D4AD2}.Release|Any CPU.Build.0 = Release|Any CPU
		{9DD361D4-02B4-45F8-ABF2-EBDC58FFBF60}.Debug|Any CPU.ActiveCfg = Debug|Any CPU
		{9DD361D4-02B4-45F8-ABF2-EBDC58FFBF60}.Debug|Any CPU.Build.0 = Debug|Any CPU
		{9DD361D4-02B4-45F8-ABF2-EBDC58FFBF60}.Release|Any CPU.ActiveCfg = Release|Any CPU
		{9DD361D4-02B4-45F8-ABF2-EBDC58FFBF60}.Release|Any CPU.Build.0 = Release|Any CPU
		{7FC37B47-58ED-4836-8804-B7A230A39484}.Debug|Any CPU.ActiveCfg = Debug|Any CPU
		{7FC37B47-58ED-4836-8804-B7A230A39484}.Debug|Any CPU.Build.0 = Debug|Any CPU
		{7FC37B47-58ED-4836-8804-B7A230A39484}.Release|Any CPU.ActiveCfg = Release|Any CPU
		{7FC37B47-58ED-4836-8804-B7A230A39484}.Release|Any CPU.Build.0 = Release|Any CPU
	EndGlobalSection
	GlobalSection(SolutionProperties) = preSolution
		HideSolutionNode = FALSE
	EndGlobalSection
	GlobalSection(ExtensibilityGlobals) = postSolution
		SolutionGuid = {D2F593DC-63A4-4CF8-879F-65A35C0D8273}
	EndGlobalSection
EndGlobal
